// !$*UTF8*$!
{
	archiveVersion = 1;
	classes = {
	};
	objectVersion = 46;
	objects = {

/* Begin PBXBuildFile section */
		28C853651B71F2DB00C93AA3 /* AppDelegate.swift in Sources */ = {isa = PBXBuildFile; fileRef = 28C853641B71F2DB00C93AA3 /* AppDelegate.swift */; };
		28C853671B71F2DB00C93AA3 /* ViewController.swift in Sources */ = {isa = PBXBuildFile; fileRef = 28C853661B71F2DB00C93AA3 /* ViewController.swift */; };
		28C8536A1B71F2DB00C93AA3 /* Main.storyboard in Resources */ = {isa = PBXBuildFile; fileRef = 28C853681B71F2DB00C93AA3 /* Main.storyboard */; };
		28C8536D1B71F2DB00C93AA3 /* SRProximityRecord.xcdatamodeld in Sources */ = {isa = PBXBuildFile; fileRef = 28C8536B1B71F2DB00C93AA3 /* SRProximityRecord.xcdatamodeld */; };
		28C8536F1B71F2DB00C93AA3 /* Assets.xcassets in Resources */ = {isa = PBXBuildFile; fileRef = 28C8536E1B71F2DB00C93AA3 /* Assets.xcassets */; };
		28C853721B71F2DB00C93AA3 /* LaunchScreen.storyboard in Resources */ = {isa = PBXBuildFile; fileRef = 28C853701B71F2DB00C93AA3 /* LaunchScreen.storyboard */; };
		28C8537D1B71F2DB00C93AA3 /* SRProximityRecordTests.swift in Sources */ = {isa = PBXBuildFile; fileRef = 28C8537C1B71F2DB00C93AA3 /* SRProximityRecordTests.swift */; };
		28C853881B71F2DB00C93AA3 /* SRProximityRecordUITests.swift in Sources */ = {isa = PBXBuildFile; fileRef = 28C853871B71F2DB00C93AA3 /* SRProximityRecordUITests.swift */; };
/* End PBXBuildFile section */

/* Begin PBXContainerItemProxy section */
		28C853791B71F2DB00C93AA3 /* PBXContainerItemProxy */ = {
			isa = PBXContainerItemProxy;
			containerPortal = 28C853591B71F2DB00C93AA3 /* Project object */;
			proxyType = 1;
			remoteGlobalIDString = 28C853601B71F2DB00C93AA3;
			remoteInfo = SRProximityRecord;
		};
		28C853841B71F2DB00C93AA3 /* PBXContainerItemProxy */ = {
			isa = PBXContainerItemProxy;
			containerPortal = 28C853591B71F2DB00C93AA3 /* Project object */;
			proxyType = 1;
			remoteGlobalIDString = 28C853601B71F2DB00C93AA3;
			remoteInfo = SRProximityRecord;
		};
/* End PBXContainerItemProxy section */

/* Begin PBXFileReference section */
		28C853611B71F2DB00C93AA3 /* SRProximityRecord.app */ = {isa = PBXFileReference; explicitFileType = wrapper.application; includeInIndex = 0; path = SRProximityRecord.app; sourceTree = BUILT_PRODUCTS_DIR; };
		28C853641B71F2DB00C93AA3 /* AppDelegate.swift */ = {isa = PBXFileReference; lastKnownFileType = sourcecode.swift; path = AppDelegate.swift; sourceTree = "<group>"; };
		28C853661B71F2DB00C93AA3 /* ViewController.swift */ = {isa = PBXFileReference; lastKnownFileType = sourcecode.swift; path = ViewController.swift; sourceTree = "<group>"; };
		28C853691B71F2DB00C93AA3 /* Base */ = {isa = PBXFileReference; lastKnownFileType = file.storyboard; name = Base; path = Base.lproj/Main.storyboard; sourceTree = "<group>"; };
		28C8536C1B71F2DB00C93AA3 /* SRProximityRecord.xcdatamodel */ = {isa = PBXFileReference; lastKnownFileType = wrapper.xcdatamodel; path = SRProximityRecord.xcdatamodel; sourceTree = "<group>"; };
		28C8536E1B71F2DB00C93AA3 /* Assets.xcassets */ = {isa = PBXFileReference; lastKnownFileType = folder.assetcatalog; path = Assets.xcassets; sourceTree = "<group>"; };
		28C853711B71F2DB00C93AA3 /* Base */ = {isa = PBXFileReference; lastKnownFileType = file.storyboard; name = Base; path = Base.lproj/LaunchScreen.storyboard; sourceTree = "<group>"; };
		28C853731B71F2DB00C93AA3 /* Info.plist */ = {isa = PBXFileReference; lastKnownFileType = text.plist.xml; path = Info.plist; sourceTree = "<group>"; };
		28C853781B71F2DB00C93AA3 /* SRProximityRecordTests.xctest */ = {isa = PBXFileReference; explicitFileType = wrapper.cfbundle; includeInIndex = 0; path = SRProximityRecordTests.xctest; sourceTree = BUILT_PRODUCTS_DIR; };
		28C8537C1B71F2DB00C93AA3 /* SRProximityRecordTests.swift */ = {isa = PBXFileReference; lastKnownFileType = sourcecode.swift; path = SRProximityRecordTests.swift; sourceTree = "<group>"; };
		28C8537E1B71F2DB00C93AA3 /* Info.plist */ = {isa = PBXFileReference; lastKnownFileType = text.plist.xml; path = Info.plist; sourceTree = "<group>"; };
		28C853831B71F2DB00C93AA3 /* SRProximityRecordUITests.xctest */ = {isa = PBXFileReference; explicitFileType = wrapper.cfbundle; includeInIndex = 0; path = SRProximityRecordUITests.xctest; sourceTree = BUILT_PRODUCTS_DIR; };
		28C853871B71F2DB00C93AA3 /* SRProximityRecordUITests.swift */ = {isa = PBXFileReference; lastKnownFileType = sourcecode.swift; path = SRProximityRecordUITests.swift; sourceTree = "<group>"; };
		28C853891B71F2DB00C93AA3 /* Info.plist */ = {isa = PBXFileReference; lastKnownFileType = text.plist.xml; path = Info.plist; sourceTree = "<group>"; };
/* End PBXFileReference section */

/* Begin PBXFrameworksBuildPhase section */
		28C8535E1B71F2DB00C93AA3 /* Frameworks */ = {
			isa = PBXFrameworksBuildPhase;
			buildActionMask = 2147483647;
			files = (
			);
			runOnlyForDeploymentPostprocessing = 0;
		};
		28C853751B71F2DB00C93AA3 /* Frameworks */ = {
			isa = PBXFrameworksBuildPhase;
			buildActionMask = 2147483647;
			files = (
			);
			runOnlyForDeploymentPostprocessing = 0;
		};
		28C853801B71F2DB00C93AA3 /* Frameworks */ = {
			isa = PBXFrameworksBuildPhase;
			buildActionMask = 2147483647;
			files = (
			);
			runOnlyForDeploymentPostprocessing = 0;
		};
/* End PBXFrameworksBuildPhase section */

/* Begin PBXGroup section */
		28C853581B71F2DB00C93AA3 = {
			isa = PBXGroup;
			children = (
				28C853631B71F2DB00C93AA3 /* SRProximityRecord */,
				28C8537B1B71F2DB00C93AA3 /* SRProximityRecordTests */,
				28C853861B71F2DB00C93AA3 /* SRProximityRecordUITests */,
				28C853621B71F2DB00C93AA3 /* Products */,
			);
			sourceTree = "<group>";
		};
		28C853621B71F2DB00C93AA3 /* Products */ = {
			isa = PBXGroup;
			children = (
				28C853611B71F2DB00C93AA3 /* SRProximityRecord.app */,
				28C853781B71F2DB00C93AA3 /* SRProximityRecordTests.xctest */,
				28C853831B71F2DB00C93AA3 /* SRProximityRecordUITests.xctest */,
			);
			name = Products;
			sourceTree = "<group>";
		};
		28C853631B71F2DB00C93AA3 /* SRProximityRecord */ = {
			isa = PBXGroup;
			children = (
				28C853641B71F2DB00C93AA3 /* AppDelegate.swift */,
				28C853661B71F2DB00C93AA3 /* ViewController.swift */,
				28C853681B71F2DB00C93AA3 /* Main.storyboard */,
				28C8536E1B71F2DB00C93AA3 /* Assets.xcassets */,
				28C853701B71F2DB00C93AA3 /* LaunchScreen.storyboard */,
				28C853731B71F2DB00C93AA3 /* Info.plist */,
				28C8536B1B71F2DB00C93AA3 /* SRProximityRecord.xcdatamodeld */,
			);
			path = SRProximityRecord;
			sourceTree = "<group>";
		};
		28C8537B1B71F2DB00C93AA3 /* SRProximityRecordTests */ = {
			isa = PBXGroup;
			children = (
				28C8537C1B71F2DB00C93AA3 /* SRProximityRecordTests.swift */,
				28C8537E1B71F2DB00C93AA3 /* Info.plist */,
			);
			path = SRProximityRecordTests;
			sourceTree = "<group>";
		};
		28C853861B71F2DB00C93AA3 /* SRProximityRecordUITests */ = {
			isa = PBXGroup;
			children = (
				28C853871B71F2DB00C93AA3 /* SRProximityRecordUITests.swift */,
				28C853891B71F2DB00C93AA3 /* Info.plist */,
			);
			path = SRProximityRecordUITests;
			sourceTree = "<group>";
		};
/* End PBXGroup section */

/* Begin PBXNativeTarget section */
		28C853601B71F2DB00C93AA3 /* SRProximityRecord */ = {
			isa = PBXNativeTarget;
			buildConfigurationList = 28C8538C1B71F2DB00C93AA3 /* Build configuration list for PBXNativeTarget "SRProximityRecord" */;
			buildPhases = (
				28C8535D1B71F2DB00C93AA3 /* Sources */,
				28C8535E1B71F2DB00C93AA3 /* Frameworks */,
				28C8535F1B71F2DB00C93AA3 /* Resources */,
			);
			buildRules = (
			);
			dependencies = (
			);
			name = SRProximityRecord;
			productName = SRProximityRecord;
			productReference = 28C853611B71F2DB00C93AA3 /* SRProximityRecord.app */;
			productType = "com.apple.product-type.application";
		};
		28C853771B71F2DB00C93AA3 /* SRProximityRecordTests */ = {
			isa = PBXNativeTarget;
			buildConfigurationList = 28C8538F1B71F2DB00C93AA3 /* Build configuration list for PBXNativeTarget "SRProximityRecordTests" */;
			buildPhases = (
				28C853741B71F2DB00C93AA3 /* Sources */,
				28C853751B71F2DB00C93AA3 /* Frameworks */,
				28C853761B71F2DB00C93AA3 /* Resources */,
			);
			buildRules = (
			);
			dependencies = (
				28C8537A1B71F2DB00C93AA3 /* PBXTargetDependency */,
			);
			name = SRProximityRecordTests;
			productName = SRProximityRecordTests;
			productReference = 28C853781B71F2DB00C93AA3 /* SRProximityRecordTests.xctest */;
			productType = "com.apple.product-type.bundle.unit-test";
		};
		28C853821B71F2DB00C93AA3 /* SRProximityRecordUITests */ = {
			isa = PBXNativeTarget;
			buildConfigurationList = 28C853921B71F2DB00C93AA3 /* Build configuration list for PBXNativeTarget "SRProximityRecordUITests" */;
			buildPhases = (
				28C8537F1B71F2DB00C93AA3 /* Sources */,
				28C853801B71F2DB00C93AA3 /* Frameworks */,
				28C853811B71F2DB00C93AA3 /* Resources */,
			);
			buildRules = (
			);
			dependencies = (
				28C853851B71F2DB00C93AA3 /* PBXTargetDependency */,
			);
			name = SRProximityRecordUITests;
			productName = SRProximityRecordUITests;
			productReference = 28C853831B71F2DB00C93AA3 /* SRProximityRecordUITests.xctest */;
			productType = "com.apple.product-type.bundle.ui-testing";
		};
/* End PBXNativeTarget section */

/* Begin PBXProject section */
		28C853591B71F2DB00C93AA3 /* Project object */ = {
			isa = PBXProject;
			attributes = {
				LastUpgradeCheck = 0700;
				ORGANIZATIONNAME = "Cocoon Development Ltd";
				TargetAttributes = {
					28C853601B71F2DB00C93AA3 = {
						CreatedOnToolsVersion = 7.0;
					};
					28C853771B71F2DB00C93AA3 = {
						CreatedOnToolsVersion = 7.0;
						TestTargetID = 28C853601B71F2DB00C93AA3;
					};
					28C853821B71F2DB00C93AA3 = {
						CreatedOnToolsVersion = 7.0;
						TestTargetID = 28C853601B71F2DB00C93AA3;
					};
				};
			};
			buildConfigurationList = 28C8535C1B71F2DB00C93AA3 /* Build configuration list for PBXProject "SRProximityRecord" */;
			compatibilityVersion = "Xcode 3.2";
			developmentRegion = English;
			hasScannedForEncodings = 0;
			knownRegions = (
				en,
				Base,
			);
			mainGroup = 28C853581B71F2DB00C93AA3;
			productRefGroup = 28C853621B71F2DB00C93AA3 /* Products */;
			projectDirPath = "";
			projectRoot = "";
			targets = (
				28C853601B71F2DB00C93AA3 /* SRProximityRecord */,
				28C853771B71F2DB00C93AA3 /* SRProximityRecordTests */,
				28C853821B71F2DB00C93AA3 /* SRProximityRecordUITests */,
			);
		};
/* End PBXProject section */

/* Begin PBXResourcesBuildPhase section */
		28C8535F1B71F2DB00C93AA3 /* Resources */ = {
			isa = PBXResourcesBuildPhase;
			buildActionMask = 2147483647;
			files = (
				28C853721B71F2DB00C93AA3 /* LaunchScreen.storyboard in Resources */,
				28C8536F1B71F2DB00C93AA3 /* Assets.xcassets in Resources */,
				28C8536A1B71F2DB00C93AA3 /* Main.storyboard in Resources */,
			);
			runOnlyForDeploymentPostprocessing = 0;
		};
		28C853761B71F2DB00C93AA3 /* Resources */ = {
			isa = PBXResourcesBuildPhase;
			buildActionMask = 2147483647;
			files = (
			);
			runOnlyForDeploymentPostprocessing = 0;
		};
		28C853811B71F2DB00C93AA3 /* Resources */ = {
			isa = PBXResourcesBuildPhase;
			buildActionMask = 2147483647;
			files = (
			);
			runOnlyForDeploymentPostprocessing = 0;
		};
/* End PBXResourcesBuildPhase section */

/* Begin PBXSourcesBuildPhase section */
		28C8535D1B71F2DB00C93AA3 /* Sources */ = {
			isa = PBXSourcesBuildPhase;
			buildActionMask = 2147483647;
			files = (
				28C853671B71F2DB00C93AA3 /* ViewController.swift in Sources */,
				28C8536D1B71F2DB00C93AA3 /* SRProximityRecord.xcdatamodeld in Sources */,
				28C853651B71F2DB00C93AA3 /* AppDelegate.swift in Sources */,
			);
			runOnlyForDeploymentPostprocessing = 0;
		};
		28C853741B71F2DB00C93AA3 /* Sources */ = {
			isa = PBXSourcesBuildPhase;
			buildActionMask = 2147483647;
			files = (
				28C8537D1B71F2DB00C93AA3 /* SRProximityRecordTests.swift in Sources */,
			);
			runOnlyForDeploymentPostprocessing = 0;
		};
		28C8537F1B71F2DB00C93AA3 /* Sources */ = {
			isa = PBXSourcesBuildPhase;
			buildActionMask = 2147483647;
			files = (
				28C853881B71F2DB00C93AA3 /* SRProximityRecordUITests.swift in Sources */,
			);
			runOnlyForDeploymentPostprocessing = 0;
		};
/* End PBXSourcesBuildPhase section */

/* Begin PBXTargetDependency section */
		28C8537A1B71F2DB00C93AA3 /* PBXTargetDependency */ = {
			isa = PBXTargetDependency;
			target = 28C853601B71F2DB00C93AA3 /* SRProximityRecord */;
			targetProxy = 28C853791B71F2DB00C93AA3 /* PBXContainerItemProxy */;
		};
		28C853851B71F2DB00C93AA3 /* PBXTargetDependency */ = {
			isa = PBXTargetDependency;
			target = 28C853601B71F2DB00C93AA3 /* SRProximityRecord */;
			targetProxy = 28C853841B71F2DB00C93AA3 /* PBXContainerItemProxy */;
		};
/* End PBXTargetDependency section */

/* Begin PBXVariantGroup section */
		28C853681B71F2DB00C93AA3 /* Main.storyboard */ = {
			isa = PBXVariantGroup;
			children = (
				28C853691B71F2DB00C93AA3 /* Base */,
			);
			name = Main.storyboard;
			sourceTree = "<group>";
		};
		28C853701B71F2DB00C93AA3 /* LaunchScreen.storyboard */ = {
			isa = PBXVariantGroup;
			children = (
				28C853711B71F2DB00C93AA3 /* Base */,
			);
			name = LaunchScreen.storyboard;
			sourceTree = "<group>";
		};
/* End PBXVariantGroup section */

/* Begin XCBuildConfiguration section */
		28C8538A1B71F2DB00C93AA3 /* Debug */ = {
			isa = XCBuildConfiguration;
			buildSettings = {
				ALWAYS_SEARCH_USER_PATHS = NO;
				CLANG_CXX_LANGUAGE_STANDARD = "gnu++0x";
				CLANG_CXX_LIBRARY = "libc++";
				CLANG_ENABLE_MODULES = YES;
				CLANG_ENABLE_OBJC_ARC = YES;
				CLANG_WARN_BOOL_CONVERSION = YES;
				CLANG_WARN_CONSTANT_CONVERSION = YES;
				CLANG_WARN_DIRECT_OBJC_ISA_USAGE = YES_ERROR;
				CLANG_WARN_EMPTY_BODY = YES;
				CLANG_WARN_ENUM_CONVERSION = YES;
				CLANG_WARN_INT_CONVERSION = YES;
				CLANG_WARN_OBJC_ROOT_CLASS = YES_ERROR;
				CLANG_WARN_UNREACHABLE_CODE = YES;
				CLANG_WARN__DUPLICATE_METHOD_MATCH = YES;
				"CODE_SIGN_IDENTITY[sdk=iphoneos*]" = "iPhone Developer";
				COPY_PHASE_STRIP = NO;
				DEBUG_INFORMATION_FORMAT = dwarf;
				ENABLE_STRICT_OBJC_MSGSEND = YES;
				ENABLE_TESTABILITY = YES;
				GCC_C_LANGUAGE_STANDARD = gnu99;
				GCC_DYNAMIC_NO_PIC = NO;
				GCC_NO_COMMON_BLOCKS = YES;
				GCC_OPTIMIZATION_LEVEL = 0;
				GCC_PREPROCESSOR_DEFINITIONS = (
					"DEBUG=1",
					"$(inherited)",
				);
				GCC_WARN_64_TO_32_BIT_CONVERSION = YES;
				GCC_WARN_ABOUT_RETURN_TYPE = YES_ERROR;
				GCC_WARN_UNDECLARED_SELECTOR = YES;
				GCC_WARN_UNINITIALIZED_AUTOS = YES_AGGRESSIVE;
				GCC_WARN_UNUSED_FUNCTION = YES;
				GCC_WARN_UNUSED_VARIABLE = YES;
				IPHONEOS_DEPLOYMENT_TARGET = 9.0;
				MTL_ENABLE_DEBUG_INFO = YES;
				ONLY_ACTIVE_ARCH = YES;
				SDKROOT = iphoneos;
				SWIFT_OPTIMIZATION_LEVEL = "-Onone";
			};
			name = Debug;
		};
		28C8538B1B71F2DB00C93AA3 /* Release */ = {
			isa = XCBuildConfiguration;
			buildSettings = {
				ALWAYS_SEARCH_USER_PATHS = NO;
				CLANG_CXX_LANGUAGE_STANDARD = "gnu++0x";
				CLANG_CXX_LIBRARY = "libc++";
				CLANG_ENABLE_MODULES = YES;
				CLANG_ENABLE_OBJC_ARC = YES;
				CLANG_WARN_BOOL_CONVERSION = YES;
				CLANG_WARN_CONSTANT_CONVERSION = YES;
				CLANG_WARN_DIRECT_OBJC_ISA_USAGE = YES_ERROR;
				CLANG_WARN_EMPTY_BODY = YES;
				CLANG_WARN_ENUM_CONVERSION = YES;
				CLANG_WARN_INT_CONVERSION = YES;
				CLANG_WARN_OBJC_ROOT_CLASS = YES_ERROR;
				CLANG_WARN_UNREACHABLE_CODE = YES;
				CLANG_WARN__DUPLICATE_METHOD_MATCH = YES;
				"CODE_SIGN_IDENTITY[sdk=iphoneos*]" = "iPhone Developer";
				COPY_PHASE_STRIP = NO;
				DEBUG_INFORMATION_FORMAT = "dwarf-with-dsym";
				ENABLE_NS_ASSERTIONS = NO;
				ENABLE_STRICT_OBJC_MSGSEND = YES;
				GCC_C_LANGUAGE_STANDARD = gnu99;
				GCC_NO_COMMON_BLOCKS = YES;
				GCC_WARN_64_TO_32_BIT_CONVERSION = YES;
				GCC_WARN_ABOUT_RETURN_TYPE = YES_ERROR;
				GCC_WARN_UNDECLARED_SELECTOR = YES;
				GCC_WARN_UNINITIALIZED_AUTOS = YES_AGGRESSIVE;
				GCC_WARN_UNUSED_FUNCTION = YES;
				GCC_WARN_UNUSED_VARIABLE = YES;
				IPHONEOS_DEPLOYMENT_TARGET = 9.0;
				MTL_ENABLE_DEBUG_INFO = NO;
				SDKROOT = iphoneos;
				VALIDATE_PRODUCT = YES;
			};
			name = Release;
		};
		28C8538D1B71F2DB00C93AA3 /* Debug */ = {
			isa = XCBuildConfiguration;
			buildSettings = {
				ASSETCATALOG_COMPILER_APPICON_NAME = AppIcon;
				INFOPLIST_FILE = SRProximityRecord/Info.plist;
				LD_RUNPATH_SEARCH_PATHS = "$(inherited) @executable_path/Frameworks";
				PRODUCT_BUNDLE_IDENTIFIER = uk.co.wearecocoon.SRProximityRecord;
				PRODUCT_NAME = "$(TARGET_NAME)";
			};
			name = Debug;
		};
		28C8538E1B71F2DB00C93AA3 /* Release */ = {
			isa = XCBuildConfiguration;
			buildSettings = {
				ASSETCATALOG_COMPILER_APPICON_NAME = AppIcon;
				INFOPLIST_FILE = SRProximityRecord/Info.plist;
				LD_RUNPATH_SEARCH_PATHS = "$(inherited) @executable_path/Frameworks";
				PRODUCT_BUNDLE_IDENTIFIER = uk.co.wearecocoon.SRProximityRecord;
				PRODUCT_NAME = "$(TARGET_NAME)";
			};
			name = Release;
		};
		28C853901B71F2DB00C93AA3 /* Debug */ = {
			isa = XCBuildConfiguration;
			buildSettings = {
				BUNDLE_LOADER = "$(TEST_HOST)";
				INFOPLIST_FILE = SRProximityRecordTests/Info.plist;
				LD_RUNPATH_SEARCH_PATHS = "$(inherited) @executable_path/Frameworks @loader_path/Frameworks";
				PRODUCT_BUNDLE_IDENTIFIER = uk.co.wearecocoon.SRProximityRecordTests;
				PRODUCT_NAME = "$(TARGET_NAME)";
				TEST_HOST = "$(BUILT_PRODUCTS_DIR)/SRProximityRecord.app/SRProximityRecord";
			};
			name = Debug;
		};
		28C853911B71F2DB00C93AA3 /* Release */ = {
			isa = XCBuildConfiguration;
			buildSettings = {
				BUNDLE_LOADER = "$(TEST_HOST)";
				INFOPLIST_FILE = SRProximityRecordTests/Info.plist;
				LD_RUNPATH_SEARCH_PATHS = "$(inherited) @executable_path/Frameworks @loader_path/Frameworks";
				PRODUCT_BUNDLE_IDENTIFIER = uk.co.wearecocoon.SRProximityRecordTests;
				PRODUCT_NAME = "$(TARGET_NAME)";
				TEST_HOST = "$(BUILT_PRODUCTS_DIR)/SRProximityRecord.app/SRProximityRecord";
			};
			name = Release;
		};
		28C853931B71F2DB00C93AA3 /* Debug */ = {
			isa = XCBuildConfiguration;
			buildSettings = {
				INFOPLIST_FILE = SRProximityRecordUITests/Info.plist;
				LD_RUNPATH_SEARCH_PATHS = "$(inherited) @executable_path/Frameworks @loader_path/Frameworks";
				PRODUCT_BUNDLE_IDENTIFIER = uk.co.wearecocoon.SRProximityRecordUITests;
				PRODUCT_NAME = "$(TARGET_NAME)";
				TEST_TARGET_NAME = SRProximityRecord;
				USES_XCTRUNNER = YES;
			};
			name = Debug;
		};
		28C853941B71F2DB00C93AA3 /* Release */ = {
			isa = XCBuildConfiguration;
			buildSettings = {
				INFOPLIST_FILE = SRProximityRecordUITests/Info.plist;
				LD_RUNPATH_SEARCH_PATHS = "$(inherited) @executable_path/Frameworks @loader_path/Frameworks";
				PRODUCT_BUNDLE_IDENTIFIER = uk.co.wearecocoon.SRProximityRecordUITests;
				PRODUCT_NAME = "$(TARGET_NAME)";
				TEST_TARGET_NAME = SRProximityRecord;
				USES_XCTRUNNER = YES;
			};
			name = Release;
		};
/* End XCBuildConfiguration section */

/* Begin XCConfigurationList section */
		28C8535C1B71F2DB00C93AA3 /* Build configuration list for PBXProject "SRProximityRecord" */ = {
			isa = XCConfigurationList;
			buildConfigurations = (
				28C8538A1B71F2DB00C93AA3 /* Debug */,
				28C8538B1B71F2DB00C93AA3 /* Release */,
			);
			defaultConfigurationIsVisible = 0;
			defaultConfigurationName = Release;
		};
		28C8538C1B71F2DB00C93AA3 /* Build configuration list for PBXNativeTarget "SRProximityRecord" */ = {
			isa = XCConfigurationList;
			buildConfigurations = (
				28C8538D1B71F2DB00C93AA3 /* Debug */,
				28C8538E1B71F2DB00C93AA3 /* Release */,
			);
			defaultConfigurationIsVisible = 0;
		};
		28C8538F1B71F2DB00C93AA3 /* Build configuration list for PBXNativeTarget "SRProximityRecordTests" */ = {
			isa = XCConfigurationList;
			buildConfigurations = (
				28C853901B71F2DB00C93AA3 /* Debug */,
				28C853911B71F2DB00C93AA3 /* Release */,
			);
			defaultConfigurationIsVisible = 0;
		};
		28C853921B71F2DB00C93AA3 /* Build configuration list for PBXNativeTarget "SRProximityRecordUITests" */ = {
			isa = XCConfigurationList;
			buildConfigurations = (
				28C853931B71F2DB00C93AA3 /* Debug */,
				28C853941B71F2DB00C93AA3 /* Release */,
			);
			defaultConfigurationIsVisible = 0;
		};
/* End XCConfigurationList section */

/* Begin XCVersionGroup section */
		28C8536B1B71F2DB00C93AA3 /* SRProximityRecord.xcdatamodeld */ = {
			isa = XCVersionGroup;
			children = (
				28C8536C1B71F2DB00C93AA3 /* SRProximityRecord.xcdatamodel */,
			);
			currentVersion = 28C8536C1B71F2DB00C93AA3 /* SRProximityRecord.xcdatamodel */;
			path = SRProximityRecord.xcdatamodeld;
			sourceTree = "<group>";
			versionGroupType = wrapper.xcdatamodel;
		};
/* End XCVersionGroup section */
	};
	rootObject = 28C853591B71F2DB00C93AA3 /* Project object */;
}
